
Microsoft Visual Studio Solution File, Format Version 12.00
# Visual Studio Version 16
VisualStudioVersion = 16.0.33920.266
MinimumVisualStudioVersion = 10.0.40219.1
Project("{FAE04EC0-301F-11D3-BF4B-00C04F79EFBC}") = "self-work", "self-work.csproj", "{432CA7B0-2F2A-4274-9CB4-59F0F8241658}"
EndProject
Global
	GlobalSection(SolutionConfigurationPlatforms) = preSolution
		Debug|Any CPU = Debug|Any CPU
		Release|Any CPU = Release|Any CPU
	EndGlobalSection
	GlobalSection(ProjectConfigurationPlatforms) = postSolution
		{432CA7B0-2F2A-4274-9CB4-59F0F8241658}.Debug|Any CPU.ActiveCfg = Debug|Any CPU
		{432CA7B0-2F2A-4274-9CB4-59F0F8241658}.Debug|Any CPU.Build.0 = Debug|Any CPU
		{432CA7B0-2F2A-4274-9CB4-59F0F8241658}.Release|Any CPU.ActiveCfg = Release|Any CPU
		{432CA7B0-2F2A-4274-9CB4-59F0F8241658}.Release|Any CPU.Build.0 = Release|Any CPU
	EndGlobalSection
	GlobalSection(SolutionProperties) = preSolution
		HideSolutionNode = FALSE
	EndGlobalSection
	GlobalSection(ExtensibilityGlobals) = postSolution
		SolutionGuid = {EFF932A0-1306-49AA-ACB2-35BD23603282}
	EndGlobalSection
EndGlobal
